
Microsoft Visual Studio Solution File, Format Version 12.00
# Visual Studio Version 16
VisualStudioVersion = 16.0.31112.23
MinimumVisualStudioVersion = 10.0.40219.1
Project("{FAE04EC0-301F-11D3-BF4B-00C04F79EFBC}") = "PornTokF.UWP", "PornTokF\PornTokF.UWP\PornTokF.UWP.csproj", "{143F8064-5EE4-41F6-A878-2494424716DA}"
EndProject
Project("{FAE04EC0-301F-11D3-BF4B-00C04F79EFBC}") = "PornTokF.Android", "PornTokF\PornTokF.Android\PornTokF.Android.csproj", "{285241DE-E71F-4C41-90BF-62D521D36FA4}"
EndProject
Project("{FAE04EC0-301F-11D3-BF4B-00C04F79EFBC}") = "PornTokF.iOS", "PornTokF\PornTokF.iOS\PornTokF.iOS.csproj", "{1CA710BF-B3AD-4FDF-BEDB-F3634BF2D9F6}"
EndProject
Project("{FAE04EC0-301F-11D3-BF4B-00C04F79EFBC}") = "PornTokF", "PornTokF\PornTokF\PornTokF.csproj", "{2787BB23-D45D-4B31-A6B0-CEEE2F3FFFD7}"
EndProject
Global
	GlobalSection(SolutionConfigurationPlatforms) = preSolution
		Debug|Any CPU = Debug|Any CPU
		Debug|ARM = Debug|ARM
		Debug|iPhone = Debug|iPhone
		Debug|iPhoneSimulator = Debug|iPhoneSimulator
		Debug|x64 = Debug|x64
		Debug|x86 = Debug|x86
		Release|Any CPU = Release|Any CPU
		Release|ARM = Release|ARM
		Release|iPhone = Release|iPhone
		Release|iPhoneSimulator = Release|iPhoneSimulator
		Release|x64 = Release|x64
		Release|x86 = Release|x86
	EndGlobalSection
	GlobalSection(ProjectConfigurationPlatforms) = postSolution
		{143F8064-5EE4-41F6-A878-2494424716DA}.Debug|Any CPU.ActiveCfg = Debug|x86
		{143F8064-5EE4-41F6-A878-2494424716DA}.Debug|ARM.ActiveCfg = Debug|ARM
		{143F8064-5EE4-41F6-A878-2494424716DA}.Debug|ARM.Build.0 = Debug|ARM
		{143F8064-5EE4-41F6-A878-2494424716DA}.Debug|ARM.Deploy.0 = Debug|ARM
		{143F8064-5EE4-41F6-A878-2494424716DA}.Debug|iPhone.ActiveCfg = Debug|x86
		{143F8064-5EE4-41F6-A878-2494424716DA}.Debug|iPhoneSimulator.ActiveCfg = Debug|x86
		{143F8064-5EE4-41F6-A878-2494424716DA}.Debug|x64.ActiveCfg = Debug|x64
		{143F8064-5EE4-41F6-A878-2494424716DA}.Debug|x64.Build.0 = Debug|x64
		{143F8064-5EE4-41F6-A878-2494424716DA}.Debug|x64.Deploy.0 = Debug|x64
		{143F8064-5EE4-41F6-A878-2494424716DA}.Debug|x86.ActiveCfg = Debug|x86
		{143F8064-5EE4-41F6-A878-2494424716DA}.Debug|x86.Build.0 = Debug|x86
		{143F8064-5EE4-41F6-A878-2494424716DA}.Debug|x86.Deploy.0 = Debug|x86
		{143F8064-5EE4-41F6-A878-2494424716DA}.Release|Any CPU.ActiveCfg = Release|x86
		{143F8064-5EE4-41F6-A878-2494424716DA}.Release|ARM.ActiveCfg = Release|ARM
		{143F8064-5EE4-41F6-A878-2494424716DA}.Release|ARM.Build.0 = Release|ARM
		{143F8064-5EE4-41F6-A878-2494424716DA}.Release|ARM.Deploy.0 = Release|ARM
		{143F8064-5EE4-41F6-A878-2494424716DA}.Release|iPhone.ActiveCfg = Release|x86
		{143F8064-5EE4-41F6-A878-2494424716DA}.Release|iPhoneSimulator.ActiveCfg = Release|x86
		{143F8064-5EE4-41F6-A878-2494424716DA}.Release|x64.ActiveCfg = Release|x64
		{143F8064-5EE4-41F6-A878-2494424716DA}.Release|x64.Build.0 = Release|x64
		{143F8064-5EE4-41F6-A878-2494424716DA}.Release|x64.Deploy.0 = Release|x64
		{143F8064-5EE4-41F6-A878-2494424716DA}.Release|x86.ActiveCfg = Release|x86
		{143F8064-5EE4-41F6-A878-2494424716DA}.Release|x86.Build.0 = Release|x86
		{143F8064-5EE4-41F6-A878-2494424716DA}.Release|x86.Deploy.0 = Release|x86
		{285241DE-E71F-4C41-90BF-62D521D36FA4}.Debug|Any CPU.ActiveCfg = Debug|Any CPU
		{285241DE-E71F-4C41-90BF-62D521D36FA4}.Debug|Any CPU.Build.0 = Debug|Any CPU
		{285241DE-E71F-4C41-90BF-62D521D36FA4}.Debug|Any CPU.Deploy.0 = Debug|Any CPU
		{285241DE-E71F-4C41-90BF-62D521D36FA4}.Debug|ARM.ActiveCfg = Debug|Any CPU
		{285241DE-E71F-4C41-90BF-62D521D36FA4}.Debug|ARM.Build.0 = Debug|Any CPU
		{285241DE-E71F-4C41-90BF-62D521D36FA4}.Debug|ARM.Deploy.0 = Debug|Any CPU
		{285241DE-E71F-4C41-90BF-62D521D36FA4}.Debug|iPhone.ActiveCfg = Debug|Any CPU
		{285241DE-E71F-4C41-90BF-62D521D36FA4}.Debug|iPhone.Build.0 = Debug|Any CPU
		{285241DE-E71F-4C41-90BF-62D521D36FA4}.Debug|iPhone.Deploy.0 = Debug|Any CPU
		{285241DE-E71F-4C41-90BF-62D521D36FA4}.Debug|iPhoneSimulator.ActiveCfg = Debug|Any CPU
		{285241DE-E71F-4C41-90BF-62D521D36FA4}.Debug|iPhoneSimulator.Build.0 = Debug|Any CPU
		{285241DE-E71F-4C41-90BF-62D521D36FA4}.Debug|iPhoneSimulator.Deploy.0 = Debug|Any CPU
		{285241DE-E71F-4C41-90BF-62D521D36FA4}.Debug|x64.ActiveCfg = Debug|Any CPU
		{285241DE-E71F-4C41-90BF-62D521D36FA4}.Debug|x64.Build.0 = Debug|Any CPU
		{285241DE-E71F-4C41-90BF-62D521D36FA4}.Debug|x64.Deploy.0 = Debug|Any CPU
		{285241DE-E71F-4C41-90BF-62D521D36FA4}.Debug|x86.ActiveCfg = Debug|Any CPU
		{285241DE-E71F-4C41-90BF-62D521D36FA4}.Debug|x86.Build.0 = Debug|Any CPU
		{285241DE-E71F-4C41-90BF-62D521D36FA4}.Debug|x86.Deploy.0 = Debug|Any CPU
		{285241DE-E71F-4C41-90BF-62D521D36FA4}.Release|Any CPU.ActiveCfg = Release|Any CPU
		{285241DE-E71F-4C41-90BF-62D521D36FA4}.Release|Any CPU.Build.0 = Release|Any CPU
		{285241DE-E71F-4C41-90BF-62D521D36FA4}.Release|Any CPU.Deploy.0 = Release|Any CPU
		{285241DE-E71F-4C41-90BF-62D521D36FA4}.Release|ARM.ActiveCfg = Release|Any CPU
		{285241DE-E71F-4C41-90BF-62D521D36FA4}.Release|ARM.Build.0 = Release|Any CPU
		{285241DE-E71F-4C41-90BF-62D521D36FA4}.Release|ARM.Deploy.0 = Release|Any CPU
		{285241DE-E71F-4C41-90BF-62D521D36FA4}.Release|iPhone.ActiveCfg = Release|Any CPU
		{285241DE-E71F-4C41-90BF-62D521D36FA4}.Release|iPhone.Build.0 = Release|Any CPU
		{285241DE-E71F-4C41-90BF-62D521D36FA4}.Release|iPhone.Deploy.0 = Release|Any CPU
		{285241DE-E71F-4C41-90BF-62D521D36FA4}.Release|iPhoneSimulator.ActiveCfg = Release|Any CPU
		{285241DE-E71F-4C41-90BF-62D521D36FA4}.Release|iPhoneSimulator.Build.0 = Release|Any CPU
		{285241DE-E71F-4C41-90BF-62D521D36FA4}.Release|iPhoneSimulator.Deploy.0 = Release|Any CPU
		{285241DE-E71F-4C41-90BF-62D521D36FA4}.Release|x64.ActiveCfg = Release|Any CPU
		{285241DE-E71F-4C41-90BF-62D521D36FA4}.Release|x64.Build.0 = Release|Any CPU
		{285241DE-E71F-4C41-90BF-62D521D36FA4}.Release|x64.Deploy.0 = Release|Any CPU
		{285241DE-E71F-4C41-90BF-62D521D36FA4}.Release|x86.ActiveCfg = Release|Any CPU
		{285241DE-E71F-4C41-90BF-62D521D36FA4}.Release|x86.Build.0 = Release|Any CPU
		{285241DE-E71F-4C41-90BF-62D521D36FA4}.Release|x86.Deploy.0 = Release|Any CPU
		{1CA710BF-B3AD-4FDF-BEDB-F3634BF2D9F6}.Debug|Any CPU.ActiveCfg = Debug|iPhoneSimulator
		{1CA710BF-B3AD-4FDF-BEDB-F3634BF2D9F6}.Debug|Any CPU.Build.0 = Debug|iPhoneSimulator
		{1CA710BF-B3AD-4FDF-BEDB-F3634BF2D9F6}.Debug|Any CPU.Deploy.0 = Debug|iPhoneSimulator
		{1CA710BF-B3AD-4FDF-BEDB-F3634BF2D9F6}.Debug|ARM.ActiveCfg = Debug|iPhone
		{1CA710BF-B3AD-4FDF-BEDB-F3634BF2D9F6}.Debug|ARM.Build.0 = Debug|iPhone
		{1CA710BF-B3AD-4FDF-BEDB-F3634BF2D9F6}.Debug|ARM.Deploy.0 = Debug|iPhone
		{1CA710BF-B3AD-4FDF-BEDB-F3634BF2D9F6}.Debug|iPhone.ActiveCfg = Debug|iPhone
		{1CA710BF-B3AD-4FDF-BEDB-F3634BF2D9F6}.Debug|iPhone.Build.0 = Debug|iPhone
		{1CA710BF-B3AD-4FDF-BEDB-F3634BF2D9F6}.Debug|iPhone.Deploy.0 = Debug|iPhone
		{1CA710BF-B3AD-4FDF-BEDB-F3634BF2D9F6}.Debug|iPhoneSimulator.ActiveCfg = Debug|iPhoneSimulator
		{1CA710BF-B3AD-4FDF-BEDB-F3634BF2D9F6}.Debug|iPhoneSimulator.Build.0 = Debug|iPhoneSimulator
		{1CA710BF-B3AD-4FDF-BEDB-F3634BF2D9F6}.Debug|iPhoneSimulator.Deploy.0 = Debug|iPhoneSimulator
		{1CA710BF-B3AD-4FDF-BEDB-F3634BF2D9F6}.Debug|x64.ActiveCfg = Debug|iPhoneSimulator
		{1CA710BF-B3AD-4FDF-BEDB-F3634BF2D9F6}.Debug|x64.Build.0 = Debug|iPhoneSimulator
		{1CA710BF-B3AD-4FDF-BEDB-F3634BF2D9F6}.Debug|x64.Deploy.0 = Debug|iPhoneSimulator
		{1CA710BF-B3AD-4FDF-BEDB-F3634BF2D9F6}.Debug|x86.ActiveCfg = Debug|iPhoneSimulator
		{1CA710BF-B3AD-4FDF-BEDB-F3634BF2D9F6}.Debug|x86.Build.0 = Debug|iPhoneSimulator
		{1CA710BF-B3AD-4FDF-BEDB-F3634BF2D9F6}.Debug|x86.Deploy.0 = Debug|iPhoneSimulator
		{1CA710BF-B3AD-4FDF-BEDB-F3634BF2D9F6}.Release|Any CPU.ActiveCfg = Release|iPhoneSimulator
		{1CA710BF-B3AD-4FDF-BEDB-F3634BF2D9F6}.Release|Any CPU.Build.0 = Release|iPhoneSimulator
		{1CA710BF-B3AD-4FDF-BEDB-F3634BF2D9F6}.Release|Any CPU.Deploy.0 = Release|iPhoneSimulator
		{1CA710BF-B3AD-4FDF-BEDB-F3634BF2D9F6}.Release|ARM.ActiveCfg = Release|iPhoneSimulator
		{1CA710BF-B3AD-4FDF-BEDB-F3634BF2D9F6}.Release|ARM.Build.0 = Release|iPhoneSimulator
		{1CA710BF-B3AD-4FDF-BEDB-F3634BF2D9F6}.Release|ARM.Deploy.0 = Release|iPhoneSimulator
		{1CA710BF-B3AD-4FDF-BEDB-F3634BF2D9F6}.Release|iPhone.ActiveCfg = Release|iPhone
		{1CA710BF-B3AD-4FDF-BEDB-F3634BF2D9F6}.Release|iPhone.Build.0 = Release|iPhone
		{1CA710BF-B3AD-4FDF-BEDB-F3634BF2D9F6}.Release|iPhone.Deploy.0 = Release|iPhone
		{1CA710BF-B3AD-4FDF-BEDB-F3634BF2D9F6}.Release|iPhoneSimulator.ActiveCfg = Release|iPhoneSimulator
		{1CA710BF-B3AD-4FDF-BEDB-F3634BF2D9F6}.Release|iPhoneSimulator.Build.0 = Release|iPhoneSimulator
		{1CA710BF-B3AD-4FDF-BEDB-F3634BF2D9F6}.Release|iPhoneSimulator.Deploy.0 = Release|iPhoneSimulator
		{1CA710BF-B3AD-4FDF-BEDB-F3634BF2D9F6}.Release|x64.ActiveCfg = Release|iPhoneSimulator
		{1CA710BF-B3AD-4FDF-BEDB-F3634BF2D9F6}.Release|x64.Build.0 = Release|iPhoneSimulator
		{1CA710BF-B3AD-4FDF-BEDB-F3634BF2D9F6}.Release|x64.Deploy.0 = Release|iPhoneSimulator
		{1CA710BF-B3AD-4FDF-BEDB-F3634BF2D9F6}.Release|x86.ActiveCfg = Release|iPhoneSimulator
		{1CA710BF-B3AD-4FDF-BEDB-F3634BF2D9F6}.Release|x86.Build.0 = Release|iPhoneSimulator
		{1CA710BF-B3AD-4FDF-BEDB-F3634BF2D9F6}.Release|x86.Deploy.0 = Release|iPhoneSimulator
		{2787BB23-D45D-4B31-A6B0-CEEE2F3FFFD7}.Debug|Any CPU.ActiveCfg = Debug|Any CPU
		{2787BB23-D45D-4B31-A6B0-CEEE2F3FFFD7}.Debug|Any CPU.Build.0 = Debug|Any CPU
		{2787BB23-D45D-4B31-A6B0-CEEE2F3FFFD7}.Debug|Any CPU.Deploy.0 = Debug|Any CPU
		{2787BB23-D45D-4B31-A6B0-CEEE2F3FFFD7}.Debug|ARM.ActiveCfg = Debug|Any CPU
		{2787BB23-D45D-4B31-A6B0-CEEE2F3FFFD7}.Debug|ARM.Build.0 = Debug|Any CPU
		{2787BB23-D45D-4B31-A6B0-CEEE2F3FFFD7}.Debug|ARM.Deploy.0 = Debug|Any CPU
		{2787BB23-D45D-4B31-A6B0-CEEE2F3FFFD7}.Debug|iPhone.ActiveCfg = Debug|Any CPU
		{2787BB23-D45D-4B31-A6B0-CEEE2F3FFFD7}.Debug|iPhone.Build.0 = Debug|Any CPU
		{2787BB23-D45D-4B31-A6B0-CEEE2F3FFFD7}.Debug|iPhone.Deploy.0 = Debug|Any CPU
		{2787BB23-D45D-4B31-A6B0-CEEE2F3FFFD7}.Debug|iPhoneSimulator.ActiveCfg = Debug|Any CPU
		{2787BB23-D45D-4B31-A6B0-CEEE2F3FFFD7}.Debug|iPhoneSimulator.Build.0 = Debug|Any CPU
		{2787BB23-D45D-4B31-A6B0-CEEE2F3FFFD7}.Debug|iPhoneSimulator.Deploy.0 = Debug|Any CPU
		{2787BB23-D45D-4B31-A6B0-CEEE2F3FFFD7}.Debug|x64.ActiveCfg = Debug|Any CPU
		{2787BB23-D45D-4B31-A6B0-CEEE2F3FFFD7}.Debug|x64.Build.0 = Debug|Any CPU
		{2787BB23-D45D-4B31-A6B0-CEEE2F3FFFD7}.Debug|x64.Deploy.0 = Debug|Any CPU
		{2787BB23-D45D-4B31-A6B0-CEEE2F3FFFD7}.Debug|x86.ActiveCfg = Debug|Any CPU
		{2787BB23-D45D-4B31-A6B0-CEEE2F3FFFD7}.Debug|x86.Build.0 = Debug|Any CPU
		{2787BB23-D45D-4B31-A6B0-CEEE2F3FFFD7}.Debug|x86.Deploy.0 = Debug|Any CPU
		{2787BB23-D45D-4B31-A6B0-CEEE2F3FFFD7}.Release|Any CPU.ActiveCfg = Release|Any CPU
		{2787BB23-D45D-4B31-A6B0-CEEE2F3FFFD7}.Release|Any CPU.Build.0 = Release|Any CPU
		{2787BB23-D45D-4B31-A6B0-CEEE2F3FFFD7}.Release|Any CPU.Deploy.0 = Release|Any CPU
		{2787BB23-D45D-4B31-A6B0-CEEE2F3FFFD7}.Release|ARM.ActiveCfg = Release|Any CPU
		{2787BB23-D45D-4B31-A6B0-CEEE2F3FFFD7}.Release|ARM.Build.0 = Release|Any CPU
		{2787BB23-D45D-4B31-A6B0-CEEE2F3FFFD7}.Release|ARM.Deploy.0 = Release|Any CPU
		{2787BB23-D45D-4B31-A6B0-CEEE2F3FFFD7}.Release|iPhone.ActiveCfg = Release|Any CPU
		{2787BB23-D45D-4B31-A6B0-CEEE2F3FFFD7}.Release|iPhone.Build.0 = Release|Any CPU
		{2787BB23-D45D-4B31-A6B0-CEEE2F3FFFD7}.Release|iPhone.Deploy.0 = Release|Any CPU
		{2787BB23-D45D-4B31-A6B0-CEEE2F3FFFD7}.Release|iPhoneSimulator.ActiveCfg = Release|Any CPU
		{2787BB23-D45D-4B31-A6B0-CEEE2F3FFFD7}.Release|iPhoneSimulator.Build.0 = Release|Any CPU
		{2787BB23-D45D-4B31-A6B0-CEEE2F3FFFD7}.Release|iPhoneSimulator.Deploy.0 = Release|Any CPU
		{2787BB23-D45D-4B31-A6B0-CEEE2F3FFFD7}.Release|x64.ActiveCfg = Release|Any CPU
		{2787BB23-D45D-4B31-A6B0-CEEE2F3FFFD7}.Release|x64.Build.0 = Release|Any CPU
		{2787BB23-D45D-4B31-A6B0-CEEE2F3FFFD7}.Release|x64.Deploy.0 = Release|Any CPU
		{2787BB23-D45D-4B31-A6B0-CEEE2F3FFFD7}.Release|x86.ActiveCfg = Release|Any CPU
		{2787BB23-D45D-4B31-A6B0-CEEE2F3FFFD7}.Release|x86.Build.0 = Release|Any CPU
		{2787BB23-D45D-4B31-A6B0-CEEE2F3FFFD7}.Release|x86.Deploy.0 = Release|Any CPU
	EndGlobalSection
	GlobalSection(SolutionProperties) = preSolution
		HideSolutionNode = FALSE
	EndGlobalSection
	GlobalSection(ExtensibilityGlobals) = postSolution
		SolutionGuid = {F04AF309-F8DB-4E55-86D9-994158B4CA7F}
	EndGlobalSection
EndGlobal
